
Microsoft Visual Studio Solution File, Format Version 12.00
# Visual Studio Version 17
VisualStudioVersion = 17.5.002.0
MinimumVisualStudioVersion = 10.0.40219.1
Project("{9A19103F-16F7-4668-BE54-9A1E7A4F7556}") = "PusherBeamsServer", "PusherBeamsServer\PusherBeamsServer.csproj", "{43107B7C-448F-4D78-B86F-32932E70E73A}"
EndProject
Global
	GlobalSection(SolutionConfigurationPlatforms) = preSolution
		Debug|Any CPU = Debug|Any CPU
		Release|Any CPU = Release|Any CPU
	EndGlobalSection
	GlobalSection(ProjectConfigurationPlatforms) = postSolution
		{43107B7C-448F-4D78-B86F-32932E70E73A}.Debug|Any CPU.ActiveCfg = Debug|Any CPU
		{43107B7C-448F-4D78-B86F-32932E70E73A}.Debug|Any CPU.Build.0 = Debug|Any CPU
		{43107B7C-448F-4D78-B86F-32932E70E73A}.Release|Any CPU.ActiveCfg = Release|Any CPU
		{43107B7C-448F-4D78-B86F-32932E70E73A}.Release|Any CPU.Build.0 = Release|Any CPU
	EndGlobalSection
	GlobalSection(SolutionProperties) = preSolution
		HideSolutionNode = FALSE
	EndGlobalSection
	GlobalSection(ExtensibilityGlobals) = postSolution
		SolutionGuid = {79CB2E26-CA98-4B76-89EA-F88FE33AB795}
	EndGlobalSection
EndGlobal
